
Microsoft Visual Studio Solution File, Format Version 12.00
# Visual Studio Version 17
VisualStudioVersion = 17.0.31903.59
MinimumVisualStudioVersion = 10.0.40219.1
Project("{2150E333-8FDC-42A3-9474-1A3956D46DE8}") = "src", "src", "{827E0CD3-B72D-47B6-A68D-7590B98EB39B}"
EndProject
Project("{FAE04EC0-301F-11D3-BF4B-00C04F79EFBC}") = "FinalCheck.App", "src\FinalCheck.App\FinalCheck.App.csproj", "{D9B67A73-EE92-4948-A063-12866C9E5B47}"
EndProject
Project("{FAE04EC0-301F-11D3-BF4B-00C04F79EFBC}") = "FinalCheck.Comparison", "src\FinalCheck.Comparison\FinalCheck.Comparison.csproj", "{9A7559C5-F860-47A5-804E-83D411A83872}"
EndProject
Project("{FAE04EC0-301F-11D3-BF4B-00C04F79EFBC}") = "FinalCheck.Core", "src\FinalCheck.Core\FinalCheck.Core.csproj", "{6CC1C901-6748-46BE-8583-0260ABDD1BB1}"
EndProject
Project("{FAE04EC0-301F-11D3-BF4B-00C04F79EFBC}") = "FinalCheck.Data", "src\FinalCheck.Data\FinalCheck.Data.csproj", "{51E4E157-FB9E-4301-8DB0-977A979C53D6}"
EndProject
Project("{FAE04EC0-301F-11D3-BF4B-00C04F79EFBC}") = "FinalCheck.Desktop", "src\FinalCheck.Desktop\FinalCheck.Desktop.csproj", "{73531072-0541-49F9-A149-23CDFAFAD22D}"
EndProject
Project("{FAE04EC0-301F-11D3-BF4B-00C04F79EFBC}") = "FinalCheck.Documents", "src\FinalCheck.Documents\FinalCheck.Documents.csproj", "{A8245766-03E8-4ED3-B66B-2B74A3E24D00}"
EndProject
Project("{FAE04EC0-301F-11D3-BF4B-00C04F79EFBC}") = "FinalCheck.Infrastructure", "src\FinalCheck.Infrastructure\FinalCheck.Infrastructure.csproj", "{A8868838-99BD-430B-A909-7A52350FBB18}"
EndProject
Project("{2150E333-8FDC-42A3-9474-1A3956D46DE8}") = "tests", "tests", "{0AB3BF05-4346-4AA6-1389-037BE0695223}"
EndProject
Project("{FAE04EC0-301F-11D3-BF4B-00C04F79EFBC}") = "FinalCheck.Comparison.Tests", "tests\FinalCheck.Comparison.Tests\FinalCheck.Comparison.Tests.csproj", "{7576D1C0-64E5-401D-A5AD-491C21DB04A5}"
EndProject
Project("{FAE04EC0-301F-11D3-BF4B-00C04F79EFBC}") = "FinalCheck.Core.Tests", "tests\FinalCheck.Core.Tests\FinalCheck.Core.Tests.csproj", "{74ABE654-4FF2-4467-BFC3-0E80C3A6DFFA}"
EndProject
Project("{FAE04EC0-301F-11D3-BF4B-00C04F79EFBC}") = "FinalCheck.Data.Tests", "tests\FinalCheck.Data.Tests\FinalCheck.Data.Tests.csproj", "{81B0D82E-2D11-4EBF-B6C2-3D3073D3D2EE}"
EndProject
Project("{FAE04EC0-301F-11D3-BF4B-00C04F79EFBC}") = "FinalCheck.Documents.Tests", "tests\FinalCheck.Documents.Tests\FinalCheck.Documents.Tests.csproj", "{F0CF1F48-500F-42F5-910A-5181320BCF90}"
EndProject
Project("{FAE04EC0-301F-11D3-BF4B-00C04F79EFBC}") = "FinalCheck.App.Tests", "tests\FinalCheck.App.Tests\FinalCheck.App.Tests.csproj", "{E3226437-FBC9-4912-B9FA-196DD0624F34}"
EndProject
Global
	GlobalSection(SolutionConfigurationPlatforms) = preSolution
		Debug|Any CPU = Debug|Any CPU
		Debug|x64 = Debug|x64
		Debug|x86 = Debug|x86
		Release|Any CPU = Release|Any CPU
		Release|x64 = Release|x64
		Release|x86 = Release|x86
	EndGlobalSection
	GlobalSection(ProjectConfigurationPlatforms) = postSolution
		{E3226437-FBC9-4912-B9FA-196DD0624F34}.Debug|Any CPU.ActiveCfg = Debug|Any CPU
		{E3226437-FBC9-4912-B9FA-196DD0624F34}.Debug|Any CPU.Build.0 = Debug|Any CPU
		{E3226437-FBC9-4912-B9FA-196DD0624F34}.Debug|x64.ActiveCfg = Debug|Any CPU
		{E3226437-FBC9-4912-B9FA-196DD0624F34}.Debug|x64.Build.0 = Debug|Any CPU
		{E3226437-FBC9-4912-B9FA-196DD0624F34}.Debug|x86.ActiveCfg = Debug|Any CPU
		{E3226437-FBC9-4912-B9FA-196DD0624F34}.Debug|x86.Build.0 = Debug|Any CPU
		{E3226437-FBC9-4912-B9FA-196DD0624F34}.Release|Any CPU.ActiveCfg = Release|Any CPU
		{E3226437-FBC9-4912-B9FA-196DD0624F34}.Release|Any CPU.Build.0 = Release|Any CPU
		{E3226437-FBC9-4912-B9FA-196DD0624F34}.Release|x64.ActiveCfg = Release|Any CPU
		{E3226437-FBC9-4912-B9FA-196DD0624F34}.Release|x64.Build.0 = Release|Any CPU
		{E3226437-FBC9-4912-B9FA-196DD0624F34}.Release|x86.ActiveCfg = Release|Any CPU
		{E3226437-FBC9-4912-B9FA-196DD0624F34}.Release|x86.Build.0 = Release|Any CPU
		{D9B67A73-EE92-4948-A063-12866C9E5B47}.Debug|Any CPU.ActiveCfg = Debug|Any CPU
		{D9B67A73-EE92-4948-A063-12866C9E5B47}.Debug|Any CPU.Build.0 = Debug|Any CPU
		{D9B67A73-EE92-4948-A063-12866C9E5B47}.Debug|x64.ActiveCfg = Debug|Any CPU
		{D9B67A73-EE92-4948-A063-12866C9E5B47}.Debug|x64.Build.0 = Debug|Any CPU
		{D9B67A73-EE92-4948-A063-12866C9E5B47}.Debug|x86.ActiveCfg = Debug|Any CPU
		{D9B67A73-EE92-4948-A063-12866C9E5B47}.Debug|x86.Build.0 = Debug|Any CPU
		{D9B67A73-EE92-4948-A063-12866C9E5B47}.Release|Any CPU.ActiveCfg = Release|Any CPU
		{D9B67A73-EE92-4948-A063-12866C9E5B47}.Release|Any CPU.Build.0 = Release|Any CPU
		{D9B67A73-EE92-4948-A063-12866C9E5B47}.Release|x64.ActiveCfg = Release|Any CPU
		{D9B67A73-EE92-4948-A063-12866C9E5B47}.Release|x64.Build.0 = Release|Any CPU
		{D9B67A73-EE92-4948-A063-12866C9E5B47}.Release|x86.ActiveCfg = Release|Any CPU
		{D9B67A73-EE92-4948-A063-12866C9E5B47}.Release|x86.Build.0 = Release|Any CPU
		{9A7559C5-F860-47A5-804E-83D411A83872}.Debug|Any CPU.ActiveCfg = Debug|Any CPU
		{9A7559C5-F860-47A5-804E-83D411A83872}.Debug|Any CPU.Build.0 = Debug|Any CPU
		{9A7559C5-F860-47A5-804E-83D411A83872}.Debug|x64.ActiveCfg = Debug|Any CPU
		{9A7559C5-F860-47A5-804E-83D411A83872}.Debug|x64.Build.0 = Debug|Any CPU
		{9A7559C5-F860-47A5-804E-83D411A83872}.Debug|x86.ActiveCfg = Debug|Any CPU
		{9A7559C5-F860-47A5-804E-83D411A83872}.Debug|x86.Build.0 = Debug|Any CPU
		{9A7559C5-F860-47A5-804E-83D411A83872}.Release|Any CPU.ActiveCfg = Release|Any CPU
		{9A7559C5-F860-47A5-804E-83D411A83872}.Release|Any CPU.Build.0 = Release|Any CPU
		{9A7559C5-F860-47A5-804E-83D411A83872}.Release|x64.ActiveCfg = Release|Any CPU
		{9A7559C5-F860-47A5-804E-83D411A83872}.Release|x64.Build.0 = Release|Any CPU
		{9A7559C5-F860-47A5-804E-83D411A83872}.Release|x86.ActiveCfg = Release|Any CPU
		{9A7559C5-F860-47A5-804E-83D411A83872}.Release|x86.Build.0 = Release|Any CPU
		{6CC1C901-6748-46BE-8583-0260ABDD1BB1}.Debug|Any CPU.ActiveCfg = Debug|Any CPU
		{6CC1C901-6748-46BE-8583-0260ABDD1BB1}.Debug|Any CPU.Build.0 = Debug|Any CPU
		{6CC1C901-6748-46BE-8583-0260ABDD1BB1}.Debug|x64.ActiveCfg = Debug|Any CPU
		{6CC1C901-6748-46BE-8583-0260ABDD1BB1}.Debug|x64.Build.0 = Debug|Any CPU
		{6CC1C901-6748-46BE-8583-0260ABDD1BB1}.Debug|x86.ActiveCfg = Debug|Any CPU
		{6CC1C901-6748-46BE-8583-0260ABDD1BB1}.Debug|x86.Build.0 = Debug|Any CPU
		{6CC1C901-6748-46BE-8583-0260ABDD1BB1}.Release|Any CPU.ActiveCfg = Release|Any CPU
		{6CC1C901-6748-46BE-8583-0260ABDD1BB1}.Release|Any CPU.Build.0 = Release|Any CPU
		{6CC1C901-6748-46BE-8583-0260ABDD1BB1}.Release|x64.ActiveCfg = Release|Any CPU
		{6CC1C901-6748-46BE-8583-0260ABDD1BB1}.Release|x64.Build.0 = Release|Any CPU
		{6CC1C901-6748-46BE-8583-0260ABDD1BB1}.Release|x86.ActiveCfg = Release|Any CPU
		{6CC1C901-6748-46BE-8583-0260ABDD1BB1}.Release|x86.Build.0 = Release|Any CPU
		{51E4E157-FB9E-4301-8DB0-977A979C53D6}.Debug|Any CPU.ActiveCfg = Debug|Any CPU
		{51E4E157-FB9E-4301-8DB0-977A979C53D6}.Debug|Any CPU.Build.0 = Debug|Any CPU
		{51E4E157-FB9E-4301-8DB0-977A979C53D6}.Debug|x64.ActiveCfg = Debug|Any CPU
		{51E4E157-FB9E-4301-8DB0-977A979C53D6}.Debug|x64.Build.0 = Debug|Any CPU
		{51E4E157-FB9E-4301-8DB0-977A979C53D6}.Debug|x86.ActiveCfg = Debug|Any CPU
		{51E4E157-FB9E-4301-8DB0-977A979C53D6}.Debug|x86.Build.0 = Debug|Any CPU
		{51E4E157-FB9E-4301-8DB0-977A979C53D6}.Release|Any CPU.ActiveCfg = Release|Any CPU
		{51E4E157-FB9E-4301-8DB0-977A979C53D6}.Release|Any CPU.Build.0 = Release|Any CPU
		{51E4E157-FB9E-4301-8DB0-977A979C53D6}.Release|x64.ActiveCfg = Release|Any CPU
		{51E4E157-FB9E-4301-8DB0-977A979C53D6}.Release|x64.Build.0 = Release|Any CPU
		{51E4E157-FB9E-4301-8DB0-977A979C53D6}.Release|x86.ActiveCfg = Release|Any CPU
		{51E4E157-FB9E-4301-8DB0-977A979C53D6}.Release|x86.Build.0 = Release|Any CPU
		{73531072-0541-49F9-A149-23CDFAFAD22D}.Debug|Any CPU.ActiveCfg = Debug|Any CPU
		{73531072-0541-49F9-A149-23CDFAFAD22D}.Debug|Any CPU.Build.0 = Debug|Any CPU
		{73531072-0541-49F9-A149-23CDFAFAD22D}.Debug|x64.ActiveCfg = Debug|Any CPU
		{73531072-0541-49F9-A149-23CDFAFAD22D}.Debug|x64.Build.0 = Debug|Any CPU
		{73531072-0541-49F9-A149-23CDFAFAD22D}.Debug|x86.ActiveCfg = Debug|Any CPU
		{73531072-0541-49F9-A149-23CDFAFAD22D}.Debug|x86.Build.0 = Debug|Any CPU
		{73531072-0541-49F9-A149-23CDFAFAD22D}.Release|Any CPU.ActiveCfg = Release|Any CPU
		{73531072-0541-49F9-A149-23CDFAFAD22D}.Release|Any CPU.Build.0 = Release|Any CPU
		{73531072-0541-49F9-A149-23CDFAFAD22D}.Release|x64.ActiveCfg = Release|Any CPU
		{73531072-0541-49F9-A149-23CDFAFAD22D}.Release|x64.Build.0 = Release|Any CPU
		{73531072-0541-49F9-A149-23CDFAFAD22D}.Release|x86.ActiveCfg = Release|Any CPU
		{73531072-0541-49F9-A149-23CDFAFAD22D}.Release|x86.Build.0 = Release|Any CPU
		{A8245766-03E8-4ED3-B66B-2B74A3E24D00}.Debug|Any CPU.ActiveCfg = Debug|Any CPU
		{A8245766-03E8-4ED3-B66B-2B74A3E24D00}.Debug|Any CPU.Build.0 = Debug|Any CPU
		{A8245766-03E8-4ED3-B66B-2B74A3E24D00}.Debug|x64.ActiveCfg = Debug|Any CPU
		{A8245766-03E8-4ED3-B66B-2B74A3E24D00}.Debug|x64.Build.0 = Debug|Any CPU
		{A8245766-03E8-4ED3-B66B-2B74A3E24D00}.Debug|x86.ActiveCfg = Debug|Any CPU
		{A8245766-03E8-4ED3-B66B-2B74A3E24D00}.Debug|x86.Build.0 = Debug|Any CPU
		{A8245766-03E8-4ED3-B66B-2B74A3E24D00}.Release|Any CPU.ActiveCfg = Release|Any CPU
		{A8245766-03E8-4ED3-B66B-2B74A3E24D00}.Release|Any CPU.Build.0 = Release|Any CPU
		{A8245766-03E8-4ED3-B66B-2B74A3E24D00}.Release|x64.ActiveCfg = Release|Any CPU
		{A8245766-03E8-4ED3-B66B-2B74A3E24D00}.Release|x64.Build.0 = Release|Any CPU
		{A8245766-03E8-4ED3-B66B-2B74A3E24D00}.Release|x86.ActiveCfg = Release|Any CPU
		{A8245766-03E8-4ED3-B66B-2B74A3E24D00}.Release|x86.Build.0 = Release|Any CPU
		{A8868838-99BD-430B-A909-7A52350FBB18}.Debug|Any CPU.ActiveCfg = Debug|Any CPU
		{A8868838-99BD-430B-A909-7A52350FBB18}.Debug|Any CPU.Build.0 = Debug|Any CPU
		{A8868838-99BD-430B-A909-7A52350FBB18}.Debug|x64.ActiveCfg = Debug|Any CPU
		{A8868838-99BD-430B-A909-7A52350FBB18}.Debug|x64.Build.0 = Debug|Any CPU
		{A8868838-99BD-430B-A909-7A52350FBB18}.Debug|x86.ActiveCfg = Debug|Any CPU
		{A8868838-99BD-430B-A909-7A52350FBB18}.Debug|x86.Build.0 = Debug|Any CPU
		{A8868838-99BD-430B-A909-7A52350FBB18}.Release|Any CPU.ActiveCfg = Release|Any CPU
		{A8868838-99BD-430B-A909-7A52350FBB18}.Release|Any CPU.Build.0 = Release|Any CPU
		{A8868838-99BD-430B-A909-7A52350FBB18}.Release|x64.ActiveCfg = Release|Any CPU
		{A8868838-99BD-430B-A909-7A52350FBB18}.Release|x64.Build.0 = Release|Any CPU
		{A8868838-99BD-430B-A909-7A52350FBB18}.Release|x86.ActiveCfg = Release|Any CPU
		{A8868838-99BD-430B-A909-7A52350FBB18}.Release|x86.Build.0 = Release|Any CPU
		{7576D1C0-64E5-401D-A5AD-491C21DB04A5}.Debug|Any CPU.ActiveCfg = Debug|Any CPU
		{7576D1C0-64E5-401D-A5AD-491C21DB04A5}.Debug|Any CPU.Build.0 = Debug|Any CPU
		{7576D1C0-64E5-401D-A5AD-491C21DB04A5}.Debug|x64.ActiveCfg = Debug|Any CPU
		{7576D1C0-64E5-401D-A5AD-491C21DB04A5}.Debug|x64.Build.0 = Debug|Any CPU
		{7576D1C0-64E5-401D-A5AD-491C21DB04A5}.Debug|x86.ActiveCfg = Debug|Any CPU
		{7576D1C0-64E5-401D-A5AD-491C21DB04A5}.Debug|x86.Build.0 = Debug|Any CPU
		{7576D1C0-64E5-401D-A5AD-491C21DB04A5}.Release|Any CPU.ActiveCfg = Release|Any CPU
		{7576D1C0-64E5-401D-A5AD-491C21DB04A5}.Release|Any CPU.Build.0 = Release|Any CPU
		{7576D1C0-64E5-401D-A5AD-491C21DB04A5}.Release|x64.ActiveCfg = Release|Any CPU
		{7576D1C0-64E5-401D-A5AD-491C21DB04A5}.Release|x64.Build.0 = Release|Any CPU
		{7576D1C0-64E5-401D-A5AD-491C21DB04A5}.Release|x86.ActiveCfg = Release|Any CPU
		{7576D1C0-64E5-401D-A5AD-491C21DB04A5}.Release|x86.Build.0 = Release|Any CPU
		{74ABE654-4FF2-4467-BFC3-0E80C3A6DFFA}.Debug|Any CPU.ActiveCfg = Debug|Any CPU
		{74ABE654-4FF2-4467-BFC3-0E80C3A6DFFA}.Debug|Any CPU.Build.0 = Debug|Any CPU
		{74ABE654-4FF2-4467-BFC3-0E80C3A6DFFA}.Debug|x64.ActiveCfg = Debug|Any CPU
		{74ABE654-4FF2-4467-BFC3-0E80C3A6DFFA}.Debug|x64.Build.0 = Debug|Any CPU
		{74ABE654-4FF2-4467-BFC3-0E80C3A6DFFA}.Debug|x86.ActiveCfg = Debug|Any CPU
		{74ABE654-4FF2-4467-BFC3-0E80C3A6DFFA}.Debug|x86.Build.0 = Debug|Any CPU
		{74ABE654-4FF2-4467-BFC3-0E80C3A6DFFA}.Release|Any CPU.ActiveCfg = Release|Any CPU
		{74ABE654-4FF2-4467-BFC3-0E80C3A6DFFA}.Release|Any CPU.Build.0 = Release|Any CPU
		{74ABE654-4FF2-4467-BFC3-0E80C3A6DFFA}.Release|x64.ActiveCfg = Release|Any CPU
		{74ABE654-4FF2-4467-BFC3-0E80C3A6DFFA}.Release|x64.Build.0 = Release|Any CPU
		{74ABE654-4FF2-4467-BFC3-0E80C3A6DFFA}.Release|x86.ActiveCfg = Release|Any CPU
		{74ABE654-4FF2-4467-BFC3-0E80C3A6DFFA}.Release|x86.Build.0 = Release|Any CPU
		{81B0D82E-2D11-4EBF-B6C2-3D3073D3D2EE}.Debug|Any CPU.ActiveCfg = Debug|Any CPU
		{81B0D82E-2D11-4EBF-B6C2-3D3073D3D2EE}.Debug|Any CPU.Build.0 = Debug|Any CPU
		{81B0D82E-2D11-4EBF-B6C2-3D3073D3D2EE}.Debug|x64.ActiveCfg = Debug|Any CPU
		{81B0D82E-2D11-4EBF-B6C2-3D3073D3D2EE}.Debug|x64.Build.0 = Debug|Any CPU
		{81B0D82E-2D11-4EBF-B6C2-3D3073D3D2EE}.Debug|x86.ActiveCfg = Debug|Any CPU
		{81B0D82E-2D11-4EBF-B6C2-3D3073D3D2EE}.Debug|x86.Build.0 = Debug|Any CPU
		{81B0D82E-2D11-4EBF-B6C2-3D3073D3D2EE}.Release|Any CPU.ActiveCfg = Release|Any CPU
		{81B0D82E-2D11-4EBF-B6C2-3D3073D3D2EE}.Release|Any CPU.Build.0 = Release|Any CPU
		{81B0D82E-2D11-4EBF-B6C2-3D3073D3D2EE}.Release|x64.ActiveCfg = Release|Any CPU
		{81B0D82E-2D11-4EBF-B6C2-3D3073D3D2EE}.Release|x64.Build.0 = Release|Any CPU
		{81B0D82E-2D11-4EBF-B6C2-3D3073D3D2EE}.Release|x86.ActiveCfg = Release|Any CPU
		{81B0D82E-2D11-4EBF-B6C2-3D3073D3D2EE}.Release|x86.Build.0 = Release|Any CPU
		{F0CF1F48-500F-42F5-910A-5181320BCF90}.Debug|Any CPU.ActiveCfg = Debug|Any CPU
		{F0CF1F48-500F-42F5-910A-5181320BCF90}.Debug|Any CPU.Build.0 = Debug|Any CPU
		{F0CF1F48-500F-42F5-910A-5181320BCF90}.Debug|x64.ActiveCfg = Debug|Any CPU
		{F0CF1F48-500F-42F5-910A-5181320BCF90}.Debug|x64.Build.0 = Debug|Any CPU
		{F0CF1F48-500F-42F5-910A-5181320BCF90}.Debug|x86.ActiveCfg = Debug|Any CPU
		{F0CF1F48-500F-42F5-910A-5181320BCF90}.Debug|x86.Build.0 = Debug|Any CPU
		{F0CF1F48-500F-42F5-910A-5181320BCF90}.Release|Any CPU.ActiveCfg = Release|Any CPU
		{F0CF1F48-500F-42F5-910A-5181320BCF90}.Release|Any CPU.Build.0 = Release|Any CPU
		{F0CF1F48-500F-42F5-910A-5181320BCF90}.Release|x64.ActiveCfg = Release|Any CPU
		{F0CF1F48-500F-42F5-910A-5181320BCF90}.Release|x64.Build.0 = Release|Any CPU
		{F0CF1F48-500F-42F5-910A-5181320BCF90}.Release|x86.ActiveCfg = Release|Any CPU
		{F0CF1F48-500F-42F5-910A-5181320BCF90}.Release|x86.Build.0 = Release|Any CPU
	EndGlobalSection
	GlobalSection(SolutionProperties) = preSolution
		HideSolutionNode = FALSE
	EndGlobalSection
	GlobalSection(NestedProjects) = preSolution
		{E3226437-FBC9-4912-B9FA-196DD0624F34} = {0AB3BF05-4346-4AA6-1389-037BE0695223}
		{D9B67A73-EE92-4948-A063-12866C9E5B47} = {827E0CD3-B72D-47B6-A68D-7590B98EB39B}
		{9A7559C5-F860-47A5-804E-83D411A83872} = {827E0CD3-B72D-47B6-A68D-7590B98EB39B}
		{6CC1C901-6748-46BE-8583-0260ABDD1BB1} = {827E0CD3-B72D-47B6-A68D-7590B98EB39B}
		{51E4E157-FB9E-4301-8DB0-977A979C53D6} = {827E0CD3-B72D-47B6-A68D-7590B98EB39B}
		{73531072-0541-49F9-A149-23CDFAFAD22D} = {827E0CD3-B72D-47B6-A68D-7590B98EB39B}
		{A8245766-03E8-4ED3-B66B-2B74A3E24D00} = {827E0CD3-B72D-47B6-A68D-7590B98EB39B}
		{A8868838-99BD-430B-A909-7A52350FBB18} = {827E0CD3-B72D-47B6-A68D-7590B98EB39B}
		{7576D1C0-64E5-401D-A5AD-491C21DB04A5} = {0AB3BF05-4346-4AA6-1389-037BE0695223}
		{74ABE654-4FF2-4467-BFC3-0E80C3A6DFFA} = {0AB3BF05-4346-4AA6-1389-037BE0695223}
		{81B0D82E-2D11-4EBF-B6C2-3D3073D3D2EE} = {0AB3BF05-4346-4AA6-1389-037BE0695223}
		{F0CF1F48-500F-42F5-910A-5181320BCF90} = {0AB3BF05-4346-4AA6-1389-037BE0695223}
	EndGlobalSection
EndGlobal
